
Microsoft Visual Studio Solution File, Format Version 12.00
# Visual Studio Version 17
VisualStudioVersion = 17.7.34031.279
MinimumVisualStudioVersion = 10.0.40219.1
Project("{9A19103F-16F7-4668-BE54-9A1E7A4F7556}") = "MaxCare", "MaxCare\MaxCare.csproj", "{C2FA3BE1-0914-419A-8957-CFA62AE876CC}"
EndProject
Project("{FAE04EC0-301F-11D3-BF4B-00C04F79EFBC}") = "AutoUpdate", "AutoUpdate\AutoUpdate.csproj", "{C5AAB9D1-2A87-494B-8DFE-5AE3676A0816}"
EndProject
Global
	GlobalSection(SolutionConfigurationPlatforms) = preSolution
		Debug|Any CPU = Debug|Any CPU
		Release|Any CPU = Release|Any CPU
	EndGlobalSection
	GlobalSection(ProjectConfigurationPlatforms) = postSolution
		{C2FA3BE1-0914-419A-8957-CFA62AE876CC}.Debug|Any CPU.ActiveCfg = Debug|Any CPU
		{C2FA3BE1-0914-419A-8957-CFA62AE876CC}.Debug|Any CPU.Build.0 = Debug|Any CPU
		{C2FA3BE1-0914-419A-8957-CFA62AE876CC}.Release|Any CPU.ActiveCfg = Release|Any CPU
		{C2FA3BE1-0914-419A-8957-CFA62AE876CC}.Release|Any CPU.Build.0 = Release|Any CPU
		{C5AAB9D1-2A87-494B-8DFE-5AE3676A0816}.Debug|Any CPU.ActiveCfg = Debug|Any CPU
		{C5AAB9D1-2A87-494B-8DFE-5AE3676A0816}.Debug|Any CPU.Build.0 = Debug|Any CPU
		{C5AAB9D1-2A87-494B-8DFE-5AE3676A0816}.Release|Any CPU.ActiveCfg = Release|Any CPU
		{C5AAB9D1-2A87-494B-8DFE-5AE3676A0816}.Release|Any CPU.Build.0 = Release|Any CPU
	EndGlobalSection
	GlobalSection(SolutionProperties) = preSolution
		HideSolutionNode = FALSE
	EndGlobalSection
	GlobalSection(ExtensibilityGlobals) = postSolution
		SolutionGuid = {DE5A09A5-0F9A-4129-9B84-94C513E338F7}
	EndGlobalSection
EndGlobal
